
Microsoft Visual Studio Solution File, Format Version 11.00
# Visual Studio 2010
Project("{F184B08F-C81C-45F6-A57F-5ABD9991F28F}") = "Shortes Job First Algorithm", "Shortes Job First Algorithm\Shortes Job First Algorithm.vbproj", "{96BEB11E-1F18-407E-B3B5-FF7E48C63C0A}"
EndProject
Global
	GlobalSection(SolutionConfigurationPlatforms) = preSolution
		Debug|x86 = Debug|x86
		Release|x86 = Release|x86
	EndGlobalSection
	GlobalSection(ProjectConfigurationPlatforms) = postSolution
		{96BEB11E-1F18-407E-B3B5-FF7E48C63C0A}.Debug|x86.ActiveCfg = Debug|x86
		{96BEB11E-1F18-407E-B3B5-FF7E48C63C0A}.Debug|x86.Build.0 = Debug|x86
		{96BEB11E-1F18-407E-B3B5-FF7E48C63C0A}.Release|x86.ActiveCfg = Release|x86
		{96BEB11E-1F18-407E-B3B5-FF7E48C63C0A}.Release|x86.Build.0 = Release|x86
	EndGlobalSection
	GlobalSection(SolutionProperties) = preSolution
		HideSolutionNode = FALSE
	EndGlobalSection
EndGlobal
